
Microsoft Visual Studio Solution File, Format Version 12.00
# Visual Studio Version 16
VisualStudioVersion = 16.0.30611.23
MinimumVisualStudioVersion = 10.0.40219.1
Project("{FAE04EC0-301F-11D3-BF4B-00C04F79EFBC}") = "Z3UnitTestHashCode", "Z3UnitTestHashCode.csproj", "{488909C3-2700-4A7D-997D-959D59246F16}"
EndProject
Project("{FAE04EC0-301F-11D3-BF4B-00C04F79EFBC}") = "ConsoleApp1", "..\ConsoleApp1\ConsoleApp1.csproj", "{736C2785-554E-4728-99FD-037AA15488EE}"
EndProject
Global
	GlobalSection(SolutionConfigurationPlatforms) = preSolution
		Debug|Any CPU = Debug|Any CPU
		Debug|x64 = Debug|x64
		Release|Any CPU = Release|Any CPU
		Release|x64 = Release|x64
	EndGlobalSection
	GlobalSection(ProjectConfigurationPlatforms) = postSolution
		{488909C3-2700-4A7D-997D-959D59246F16}.Debug|Any CPU.ActiveCfg = Debug|Any CPU
		{488909C3-2700-4A7D-997D-959D59246F16}.Debug|Any CPU.Build.0 = Debug|Any CPU
		{488909C3-2700-4A7D-997D-959D59246F16}.Debug|x64.ActiveCfg = Debug|x64
		{488909C3-2700-4A7D-997D-959D59246F16}.Debug|x64.Build.0 = Debug|x64
		{488909C3-2700-4A7D-997D-959D59246F16}.Release|Any CPU.ActiveCfg = Release|Any CPU
		{488909C3-2700-4A7D-997D-959D59246F16}.Release|Any CPU.Build.0 = Release|Any CPU
		{488909C3-2700-4A7D-997D-959D59246F16}.Release|x64.ActiveCfg = Release|x64
		{488909C3-2700-4A7D-997D-959D59246F16}.Release|x64.Build.0 = Release|x64
		{736C2785-554E-4728-99FD-037AA15488EE}.Debug|Any CPU.ActiveCfg = Debug|Any CPU
		{736C2785-554E-4728-99FD-037AA15488EE}.Debug|Any CPU.Build.0 = Debug|Any CPU
		{736C2785-554E-4728-99FD-037AA15488EE}.Debug|x64.ActiveCfg = Debug|Any CPU
		{736C2785-554E-4728-99FD-037AA15488EE}.Debug|x64.Build.0 = Debug|Any CPU
		{736C2785-554E-4728-99FD-037AA15488EE}.Release|Any CPU.ActiveCfg = Release|Any CPU
		{736C2785-554E-4728-99FD-037AA15488EE}.Release|Any CPU.Build.0 = Release|Any CPU
		{736C2785-554E-4728-99FD-037AA15488EE}.Release|x64.ActiveCfg = Release|x64
		{736C2785-554E-4728-99FD-037AA15488EE}.Release|x64.Build.0 = Release|x64
	EndGlobalSection
	GlobalSection(SolutionProperties) = preSolution
		HideSolutionNode = FALSE
	EndGlobalSection
	GlobalSection(ExtensibilityGlobals) = postSolution
		SolutionGuid = {F0BC24A2-30DA-4AB0-97D2-946988EF67DF}
	EndGlobalSection
EndGlobal
